
Microsoft Visual Studio Solution File, Format Version 12.00
# Visual Studio 15
VisualStudioVersion = 15.0.28307.329
MinimumVisualStudioVersion = 10.0.40219.1
Project("{FAE04EC0-301F-11D3-BF4B-00C04F79EFBC}") = "EasyEncrypt", "EasyEncrypt\EasyEncrypt.csproj", "{F8DF0C5E-3C01-412E-8A42-E8D7183E3DC5}"
EndProject
Project("{FAE04EC0-301F-11D3-BF4B-00C04F79EFBC}") = "EasyEncrypt.Test", "EasyEncrypt.Test\EasyEncrypt.Test.csproj", "{CCBE57A9-0B88-4C4E-B01E-628A97B35FB1}"
EndProject
Project("{FAE04EC0-301F-11D3-BF4B-00C04F79EFBC}") = "EasyEncrypt.Examples", "EasyEncrypt.Examples\EasyEncrypt.Examples.csproj", "{A620577E-A605-48BD-BFC6-DEA181B8C238}"
EndProject
Global
	GlobalSection(SolutionConfigurationPlatforms) = preSolution
		Debug|Any CPU = Debug|Any CPU
		Release|Any CPU = Release|Any CPU
	EndGlobalSection
	GlobalSection(ProjectConfigurationPlatforms) = postSolution
		{F8DF0C5E-3C01-412E-8A42-E8D7183E3DC5}.Debug|Any CPU.ActiveCfg = Debug|Any CPU
		{F8DF0C5E-3C01-412E-8A42-E8D7183E3DC5}.Debug|Any CPU.Build.0 = Debug|Any CPU
		{F8DF0C5E-3C01-412E-8A42-E8D7183E3DC5}.Release|Any CPU.ActiveCfg = Release|Any CPU
		{F8DF0C5E-3C01-412E-8A42-E8D7183E3DC5}.Release|Any CPU.Build.0 = Release|Any CPU
		{CCBE57A9-0B88-4C4E-B01E-628A97B35FB1}.Debug|Any CPU.ActiveCfg = Debug|Any CPU
		{CCBE57A9-0B88-4C4E-B01E-628A97B35FB1}.Debug|Any CPU.Build.0 = Debug|Any CPU
		{CCBE57A9-0B88-4C4E-B01E-628A97B35FB1}.Release|Any CPU.ActiveCfg = Release|Any CPU
		{CCBE57A9-0B88-4C4E-B01E-628A97B35FB1}.Release|Any CPU.Build.0 = Release|Any CPU
		{A620577E-A605-48BD-BFC6-DEA181B8C238}.Debug|Any CPU.ActiveCfg = Debug|Any CPU
		{A620577E-A605-48BD-BFC6-DEA181B8C238}.Debug|Any CPU.Build.0 = Debug|Any CPU
		{A620577E-A605-48BD-BFC6-DEA181B8C238}.Release|Any CPU.ActiveCfg = Release|Any CPU
		{A620577E-A605-48BD-BFC6-DEA181B8C238}.Release|Any CPU.Build.0 = Release|Any CPU
	EndGlobalSection
	GlobalSection(SolutionProperties) = preSolution
		HideSolutionNode = FALSE
	EndGlobalSection
	GlobalSection(ExtensibilityGlobals) = postSolution
		SolutionGuid = {F24F8EC8-497D-491F-8539-116DAC25808D}
	EndGlobalSection
EndGlobal
